lockfileVersion: 5.4

specifiers:
  compression: ^1.7.4

dependencies:
  compression: registry.npmmirror.com/compression/1.7.4

packages:

  registry.npmmirror.com/accepts/1.3.8:
    resolution: {integrity: sha512-PYAthTa2m2VKxuvSD3DPC/Gy+U+sOA1LAuT8mkmRuvw+NACSaeXEQ+NHcVF7rONl6qcaxV3Uuemwawk+7+SJLw==, registry: https://registry.npm.taobao.org/, tarball: https://registry.npmmirror.com/accepts/-/accepts-1.3.8.tgz}
    name: accepts
    version: 1.3.8
    engines: {node: '>= 0.6'}
    dependencies:
      mime-types: registry.npmmirror.com/mime-types/2.1.35
      negotiator: registry.npmmirror.com/negotiator/0.6.3
    dev: false

  registry.npmmirror.com/bytes/3.0.0:
    resolution: {integrity: sha512-pMhOfFDPiv9t5jjIXkHosWmkSyQbvsgEVNkz0ERHbuLh2T/7j4Mqqpz523Fe8MVY89KC6Sh/QfS2sM+SjgFDcw==, registry: https://registry.npm.taobao.org/, tarball: https://registry.npmmirror.com/bytes/-/bytes-3.0.0.tgz}
    name: bytes
    version: 3.0.0
    engines: {node: '>= 0.8'}
    dev: false

  registry.npmmirror.com/compressible/2.0.18:
    resolution: {integrity: sha512-AF3r7P5dWxL8MxyITRMlORQNaOA2IkAFaTr4k7BUumjPtRpGDTZpl0Pb1XCO6JeDCBdp126Cgs9sMxqSjgYyRg==, registry: https://registry.npm.taobao.org/, tarball: https://registry.npmmirror.com/compressible/-/compressible-2.0.18.tgz}
    name: compressible
    version: 2.0.18
    engines: {node: '>= 0.6'}
    dependencies:
      mime-db: registry.npmmirror.com/mime-db/1.52.0
    dev: false

  registry.npmmirror.com/compression/1.7.4:
    resolution: {integrity: sha512-jaSIDzP9pZVS4ZfQ+TzvtiWhdpFhE2RDHz8QJkpX9SIpLq88VueF5jJw6t+6CUQcAoA6t+x89MLrWAqpfDE8iQ==, registry: https://registry.npm.taobao.org/, tarball: https://registry.npmmirror.com/compression/-/compression-1.7.4.tgz}
    name: compression
    version: 1.7.4
    engines: {node: '>= 0.8.0'}
    dependencies:
      accepts: registry.npmmirror.com/accepts/1.3.8
      bytes: registry.npmmirror.com/bytes/3.0.0
      compressible: registry.npmmirror.com/compressible/2.0.18
      debug: registry.npmmirror.com/debug/2.6.9
      on-headers: registry.npmmirror.com/on-headers/1.0.2
      safe-buffer: registry.npmmirror.com/safe-buffer/5.1.2
      vary: registry.npmmirror.com/vary/1.1.2
    transitivePeerDependencies:
      - supports-color
    dev: false

  registry.npmmirror.com/debug/2.6.9:
    resolution: {integrity: sha512-bC7ElrdJaJnPbAP+1EotYvqZsb3ecl5wi6Bfi6BJTUcNowp6cvspg0jXznRTKDjm/E7AdgFBVeAPVMNcKGsHMA==, registry: https://registry.npm.taobao.org/, tarball: https://registry.npmmirror.com/debug/-/debug-2.6.9.tgz}
    name: debug
    version: 2.6.9
    peerDependencies:
      supports-color: '*'
    peerDependenciesMeta:
      supports-color:
        optional: true
    dependencies:
      ms: registry.npmmirror.com/ms/2.0.0
    dev: false

  registry.npmmirror.com/mime-db/1.52.0:
    resolution: {integrity: sha512-sPU4uV7dYlvtWJxwwxHD0PuihVNiE7TyAbQ5SWxDCB9mUYvOgroQOwYQQOKPJ8CIbE+1ETVlOoK1UC2nU3gYvg==, registry: https://registry.npm.taobao.org/, tarball: https://registry.npmmirror.com/mime-db/-/mime-db-1.52.0.tgz}
    name: mime-db
    version: 1.52.0
    engines: {node: '>= 0.6'}
    dev: false

  registry.npmmirror.com/mime-types/2.1.35:
    resolution: {integrity: sha512-ZDY+bPm5zTTF+YpCrAU9nK0UgICYPT0QtT1NZWFv4s++TNkcgVaT0g6+4R2uI4MjQjzysHB1zxuWL50hzaeXiw==, registry: https://registry.npm.taobao.org/, tarball: https://registry.npmmirror.com/mime-types/-/mime-types-2.1.35.tgz}
    name: mime-types
    version: 2.1.35
    engines: {node: '>= 0.6'}
    dependencies:
      mime-db: registry.npmmirror.com/mime-db/1.52.0
    dev: false

  registry.npmmirror.com/ms/2.0.0:
    resolution: {integrity: sha512-Tpp60P6IUJDTuOq/5Z8cdskzJujfwqfOTkrwIwj7IRISpnkJnT6SyJ4PCPnGMoFjC9ddhal5KVIYtAt97ix05A==, registry: https://registry.npm.taobao.org/, tarball: https://registry.npmmirror.com/ms/-/ms-2.0.0.tgz}
    name: ms
    version: 2.0.0
    dev: false

  registry.npmmirror.com/negotiator/0.6.3:
    resolution: {integrity: sha512-+EUsqGPLsM+j/zdChZjsnX51g4XrHFOIXwfnCVPGlQk/k5giakcKsuxCObBRu6DSm9opw/O6slWbJdghQM4bBg==, registry: https://registry.npm.taobao.org/, tarball: https://registry.npmmirror.com/negotiator/-/negotiator-0.6.3.tgz}
    name: negotiator
    version: 0.6.3
    engines: {node: '>= 0.6'}
    dev: false

  registry.npmmirror.com/on-headers/1.0.2:
    resolution: {integrity: sha512-pZAE+FJLoyITytdqK0U5s+FIpjN0JP3OzFi/u8Rx+EV5/W+JTWGXG8xFzevE7AjBfDqHv/8vL8qQsIhHnqRkrA==, registry: https://registry.npm.taobao.org/, tarball: https://registry.npmmirror.com/on-headers/-/on-headers-1.0.2.tgz}
    name: on-headers
    version: 1.0.2
    engines: {node: '>= 0.8'}
    dev: false

  registry.npmmirror.com/safe-buffer/5.1.2:
    resolution: {integrity: sha512-Gd2UZBJDkXlY7GbJxfsE8/nvKkUEU1G38c1siN6QP6a9PT9MmHB8GnpscSmMJSoF8LOIrt8ud/wPtojys4G6+g==, registry: https://registry.npm.taobao.org/, tarball: https://registry.npmmirror.com/safe-buffer/-/safe-buffer-5.1.2.tgz}
    name: safe-buffer
    version: 5.1.2
    dev: false

  registry.npmmirror.com/vary/1.1.2:
    resolution: {integrity: sha512-BNGbWLfd0eUPabhkXUVm0j8uuvREyTh5ovRa/dyow/BqAbZJyC+5fU+IzQOzmAKzYqYRAISoRhdQr3eIZ/PXqg==, registry: https://registry.npm.taobao.org/, tarball: https://registry.npmmirror.com/vary/-/vary-1.1.2.tgz}
    name: vary
    version: 1.1.2
    engines: {node: '>= 0.8'}
    dev: false
